name: Update images-lock.nix

on:
  schedule:
    - cron: '0 6 * * *'  # Runs daily at 03:00 UTC
  workflow_dispatch:      # Allow manual triggering

jobs:
  update-images-lock:
    runs-on: ubuntu-latest
    permissions:
      contents: write  # Needed to push changes

    steps:
      - uses: actions/checkout@v4

      - name: Set up Git user
        run: |
          git config --global user.name "github-actions[bot]"
          git config --global user.email "github-actions[bot]@users.noreply.github.com"

      - name: Install Nix
        uses: DeterminateSystems/nix-installer-action@v18

      - name: Run build-images-lock
        run: nix run '.#build-images-lock'

      - name: Commit and push changes
        run: |
          git add images-lock.nix
          if ! git diff --cached --quiet; then
            git commit -m "chore: update images-lock.nix [automated]"
            git push
          fi
